<?xml version="1.0" encoding="UTF-8"?>
<Scheme
   LastUpgradeVersion = "1200"
   version = "1.3">
   <BuildAction
      parallelizeBuildables = "NO"
      buildImplicitDependencies = "NO">
      <BuildActionEntries>
         <BuildActionEntry
            buildForTesting = "YES"
            buildForRunning = "YES"
            buildForProfiling = "YES"
            buildForArchiving = "YES"
            buildForAnalyzing = "YES">
            <BuildableReference
               BuildableIdentifier = "primary"
               BlueprintIdentifier = "A0DD8BED25370C7A00CD405B"
               BuildableName = "SPUAsmSR"
               BlueprintName = "SPUAsmSR"
               ReferencedContainer = "container:SPUAsm.xcodeproj">
            </BuildableReference>
         </BuildActionEntry>
         <BuildActionEntry
            buildForTesting = "YES"
            buildForRunning = "YES"
            buildForProfiling = "YES"
            buildForArchiving = "YES"
            buildForAnalyzing = "YES">
            <BuildableReference
               BuildableIdentifier = "primary"
               BlueprintIdentifier = "A0DD8C462537AB2E00CD405B"
               BuildableName = "SPUDisAsmSR"
               BlueprintName = "SPUDisAsmSR"
               ReferencedContainer = "container:SPUAsm.xcodeproj">
            </BuildableReference>
         </BuildActionEntry>
      </BuildActionEntries>
   </BuildAction>
   <TestAction
      buildConfiguration = "Debug"
      selectedDebuggerIdentifier = "Xcode.DebuggerFoundation.Debugger.LLDB"
      selectedLauncherIdentifier = "Xcode.DebuggerFoundation.Launcher.LLDB"
      shouldUseLaunchSchemeArgsEnv = "YES">
      <Testables>
      </Testables>
   </TestAction>
   <LaunchAction
      buildConfiguration = "Debug"
      selectedDebuggerIdentifier = "Xcode.DebuggerFoundation.Debugger.LLDB"
      selectedLauncherIdentifier = "Xcode.DebuggerFoundation.Launcher.LLDB"
      launchStyle = "0"
      useCustomWorkingDirectory = "YES"
      customWorkingDirectory = "/Users/aleksandrdremov/Desktop/&#x41e;&#x431;&#x443;&#x447;&#x435;&#x43d;&#x438;&#x435;/&#x41c;&#x424;&#x422;&#x418;/&#x424;&#x41f;&#x41c;&#x418;/BigProjects/SPUAsm/Examples/SPUAsm/SPUAsm/SquareRoots"
      ignoresPersistentStateOnLaunch = "NO"
      debugDocumentVersioning = "YES"
      debugServiceExtension = "internal"
      allowLocationSimulation = "YES">
      <PathRunnable
         runnableDebuggingMode = "0"
         FilePath = "/Users/aleksandrdremov/Desktop/&#x41e;&#x431;&#x443;&#x447;&#x435;&#x43d;&#x438;&#x435;/&#x41c;&#x424;&#x422;&#x418;/&#x424;&#x41f;&#x41c;&#x418;/BigProjects/SPUAsm/DerivedData/SoftProcessorUnit/Build/Products/Release/SPU">
      </PathRunnable>
      <CommandLineArguments>
         <CommandLineArgument
            argument = "sr.spub"
            isEnabled = "YES">
         </CommandLineArgument>
         <CommandLineArgument
            argument = "--verbose"
            isEnabled = "YES">
         </CommandLineArgument>
      </CommandLineArguments>
   </LaunchAction>
   <ProfileAction
      buildConfiguration = "Release"
      shouldUseLaunchSchemeArgsEnv = "YES"
      savedToolIdentifier = ""
      useCustomWorkingDirectory = "YES"
      customWorkingDirectory = "/Users/aleksandrdremov/Desktop/&#x41e;&#x431;&#x443;&#x447;&#x435;&#x43d;&#x438;&#x435;/&#x41c;&#x424;&#x422;&#x418;/&#x424;&#x41f;&#x41c;&#x418;/&#x41f;&#x440;&#x43e;&#x433;&#x430;_1 &#x441;&#x435;&#x43c;/SPUAsm/SPUAsm/SquareRoots"
      debugDocumentVersioning = "YES">
      <MacroExpansion>
         <BuildableReference
            BuildableIdentifier = "primary"
            BlueprintIdentifier = "A0DD8BED25370C7A00CD405B"
            BuildableName = "SPUAsmSR"
            BlueprintName = "SPUAsmSR"
            ReferencedContainer = "container:SPUAsm.xcodeproj">
         </BuildableReference>
      </MacroExpansion>
   </ProfileAction>
   <AnalyzeAction
      buildConfiguration = "Debug">
   </AnalyzeAction>
   <ArchiveAction
      buildConfiguration = "Release"
      revealArchiveInOrganizer = "YES">
   </ArchiveAction>
</Scheme>
